
Microsoft Visual Studio Solution File, Format Version 12.00
# Visual Studio 15
VisualStudioVersion = 15.0.26430.14
MinimumVisualStudioVersion = 10.0.40219.1
Project("{FAE04EC0-301F-11D3-BF4B-00C04F79EFBC}") = "Net35WebForms", "Net35WebForms\Net35WebForms.csproj", "{B9648C0F-2C7B-4C9E-8752-3CC1F126CA5E}"
EndProject
Global
	GlobalSection(SolutionConfigurationPlatforms) = preSolution
		Debug|Any CPU = Debug|Any CPU
		Release|Any CPU = Release|Any CPU
	EndGlobalSection
	GlobalSection(ProjectConfigurationPlatforms) = postSolution
		{B9648C0F-2C7B-4C9E-8752-3CC1F126CA5E}.Debug|Any CPU.ActiveCfg = Debug|Any CPU
		{B9648C0F-2C7B-4C9E-8752-3CC1F126CA5E}.Debug|Any CPU.Build.0 = Debug|Any CPU
		{B9648C0F-2C7B-4C9E-8752-3CC1F126CA5E}.Release|Any CPU.ActiveCfg = Release|Any CPU
		{B9648C0F-2C7B-4C9E-8752-3CC1F126CA5E}.Release|Any CPU.Build.0 = Release|Any CPU
	EndGlobalSection
	GlobalSection(SolutionProperties) = preSolution
		HideSolutionNode = FALSE
	EndGlobalSection
EndGlobal
